
Microsoft Visual Studio Solution File, Format Version 12.00
# Visual Studio Version 17
VisualStudioVersion = 17.5.33414.496
MinimumVisualStudioVersion = 10.0.40219.1
Project("{FAE04EC0-301F-11D3-BF4B-00C04F79EFBC}") = "LogicalPrograms281Batch.", "..\LogicalPrograms281Batch\LogicalPrograms281Batch..csproj", "{FFA5ED81-05DE-4DC1-8D36-F033D868736E}"
EndProject
Global
	GlobalSection(SolutionConfigurationPlatforms) = preSolution
		Debug|Any CPU = Debug|Any CPU
		Release|Any CPU = Release|Any CPU
	EndGlobalSection
	GlobalSection(ProjectConfigurationPlatforms) = postSolution
		{FFA5ED81-05DE-4DC1-8D36-F033D868736E}.Debug|Any CPU.ActiveCfg = Debug|Any CPU
		{FFA5ED81-05DE-4DC1-8D36-F033D868736E}.Debug|Any CPU.Build.0 = Debug|Any CPU
		{FFA5ED81-05DE-4DC1-8D36-F033D868736E}.Release|Any CPU.ActiveCfg = Release|Any CPU
		{FFA5ED81-05DE-4DC1-8D36-F033D868736E}.Release|Any CPU.Build.0 = Release|Any CPU
	EndGlobalSection
	GlobalSection(SolutionProperties) = preSolution
		HideSolutionNode = FALSE
	EndGlobalSection
	GlobalSection(ExtensibilityGlobals) = postSolution
		SolutionGuid = {B5348882-311D-48CA-BFD0-F492896C3F01}
	EndGlobalSection
EndGlobal
